PODS:
  - R.swift (7.3.2)
  - SnapKit (5.6.0)
  - SwiftLint (0.52.4)

DEPENDENCIES:
  - R.swift
  - SnapKit (~> 5)
  - SwiftLint

SPEC REPOS:
  trunk:
    - R.swift
    - SnapKit
    - SwiftLint

SPEC CHECKSUMS:
  R.swift: 0af0d882f49f03711415cb4e5215daa977d8a480
  SnapKit: e01d52ebb8ddbc333eefe2132acf85c8227d9c25
  SwiftLint: 1cc5cd61ba9bacb2194e340aeb47a2a37fda00b3

PODFILE CHECKSUM: 20dd6ee9d605e51fd59498d5468b3c54bc967bb7

COCOAPODS: 1.11.3
